
Microsoft Visual Studio Solution File, Format Version 12.00
# Visual Studio Version 16
VisualStudioVersion = 16.0.30804.86
MinimumVisualStudioVersion = 10.0.40219.1
Project("{9A19103F-16F7-4668-BE54-9A1E7A4F7556}") = "FirstProject", "FirstProject.csproj", "{98ED9056-7DC3-4314-80FF-C5D1E0585BFC}"
EndProject
Global
	GlobalSection(SolutionConfigurationPlatforms) = preSolution
		Debug|Any CPU = Debug|Any CPU
		Release|Any CPU = Release|Any CPU
	EndGlobalSection
	GlobalSection(ProjectConfigurationPlatforms) = postSolution
		{98ED9056-7DC3-4314-80FF-C5D1E0585BFC}.Debug|Any CPU.ActiveCfg = Debug|Any CPU
		{98ED9056-7DC3-4314-80FF-C5D1E0585BFC}.Debug|Any CPU.Build.0 = Debug|Any CPU
		{98ED9056-7DC3-4314-80FF-C5D1E0585BFC}.Release|Any CPU.ActiveCfg = Release|Any CPU
		{98ED9056-7DC3-4314-80FF-C5D1E0585BFC}.Release|Any CPU.Build.0 = Release|Any CPU
	EndGlobalSection
	GlobalSection(SolutionProperties) = preSolution
		HideSolutionNode = FALSE
	EndGlobalSection
	GlobalSection(ExtensibilityGlobals) = postSolution
		SolutionGuid = {23F94948-DFE8-465D-AB4D-CA700326C668}
	EndGlobalSection
EndGlobal
